// !$*UTF8*$!
{
	archiveVersion = 1;
	classes = {
	};
	objectVersion = 55;
	objects = {

/* Begin PBXBuildFile section */
		BB69BF2929032E5600471300 /* SettingList.swift in Sources */ = {isa = PBXBuildFile; fileRef = BB69BF2829032E5600471300 /* SettingList.swift */; };
		BBE7B24A28F2038900643B2B /* iMusicApp.swift in Sources */ = {isa = PBXBuildFile; fileRef = BBE7B24928F2038900643B2B /* iMusicApp.swift */; };
		BBE7B24C28F2038900643B2B /* ContentView.swift in Sources */ = {isa = PBXBuildFile; fileRef = BBE7B24B28F2038900643B2B /* ContentView.swift */; };
		BBE7B24E28F2038B00643B2B /* Assets.xcassets in Resources */ = {isa = PBXBuildFile; fileRef = BBE7B24D28F2038B00643B2B /* Assets.xcassets */; };
		BBE7B25128F2038B00643B2B /* Preview Assets.xcassets in Resources */ = {isa = PBXBuildFile; fileRef = BBE7B25028F2038B00643B2B /* Preview Assets.xcassets */; };
		BBE7B25828F203E800643B2B /* Miniplayer.swift in Sources */ = {isa = PBXBuildFile; fileRef = BBE7B25728F203E800643B2B /* Miniplayer.swift */; };
		BBE7B25A28F2041800643B2B /* SecondList.swift in Sources */ = {isa = PBXBuildFile; fileRef = BBE7B25928F2041800643B2B /* SecondList.swift */; };
		BBE7B25C28F2044200643B2B /* Visualplayer.swift in Sources */ = {isa = PBXBuildFile; fileRef = BBE7B25B28F2044200643B2B /* Visualplayer.swift */; };
		BBE7B25E28F2058A00643B2B /* tabBar.swift in Sources */ = {isa = PBXBuildFile; fileRef = BBE7B25D28F2058A00643B2B /* tabBar.swift */; };
		BBED9F9E28F495BC0098E647 /* FirstList.swift in Sources */ = {isa = PBXBuildFile; fileRef = BBED9F9D28F495BC0098E647 /* FirstList.swift */; };
/* End PBXBuildFile section */

/* Begin PBXFileReference section */
		BB69BF2829032E5600471300 /* SettingList.swift */ = {isa = PBXFileReference; lastKnownFileType = sourcecode.swift; path = SettingList.swift; sourceTree = "<group>"; };
		BBE7B24628F2038900643B2B /* iMusic.app */ = {isa = PBXFileReference; explicitFileType = wrapper.application; includeInIndex = 0; path = iMusic.app; sourceTree = BUILT_PRODUCTS_DIR; };
		BBE7B24928F2038900643B2B /* iMusicApp.swift */ = {isa = PBXFileReference; lastKnownFileType = sourcecode.swift; path = iMusicApp.swift; sourceTree = "<group>"; };
		BBE7B24B28F2038900643B2B /* ContentView.swift */ = {isa = PBXFileReference; lastKnownFileType = sourcecode.swift; path = ContentView.swift; sourceTree = "<group>"; };
		BBE7B24D28F2038B00643B2B /* Assets.xcassets */ = {isa = PBXFileReference; lastKnownFileType = folder.assetcatalog; path = Assets.xcassets; sourceTree = "<group>"; };
		BBE7B25028F2038B00643B2B /* Preview Assets.xcassets */ = {isa = PBXFileReference; lastKnownFileType = folder.assetcatalog; path = "Preview Assets.xcassets"; sourceTree = "<group>"; };
		BBE7B25728F203E800643B2B /* Miniplayer.swift */ = {isa = PBXFileReference; lastKnownFileType = sourcecode.swift; path = Miniplayer.swift; sourceTree = "<group>"; };
		BBE7B25928F2041800643B2B /* SecondList.swift */ = {isa = PBXFileReference; lastKnownFileType = sourcecode.swift; path = SecondList.swift; sourceTree = "<group>"; };
		BBE7B25B28F2044200643B2B /* Visualplayer.swift */ = {isa = PBXFileReference; lastKnownFileType = sourcecode.swift; path = Visualplayer.swift; sourceTree = "<group>"; };
		BBE7B25D28F2058A00643B2B /* tabBar.swift */ = {isa = PBXFileReference; lastKnownFileType = sourcecode.swift; path = tabBar.swift; sourceTree = "<group>"; };
		BBED9F9D28F495BC0098E647 /* FirstList.swift */ = {isa = PBXFileReference; lastKnownFileType = sourcecode.swift; path = FirstList.swift; sourceTree = "<group>"; };
/* End PBXFileReference section */

/* Begin PBXFrameworksBuildPhase section */
		BBE7B24328F2038900643B2B /* Frameworks */ = {
			isa = PBXFrameworksBuildPhase;
			buildActionMask = 2147483647;
			files = (
			);
			runOnlyForDeploymentPostprocessing = 0;
		};
/* End PBXFrameworksBuildPhase section */

/* Begin PBXGroup section */
		BB69BF4A29072C0A00471300 /* first modul data */ = {
			isa = PBXGroup;
			children = (
				BBED9F9D28F495BC0098E647 /* FirstList.swift */,
				BB69BF2829032E5600471300 /* SettingList.swift */,
			);
			path = "first modul data";
			sourceTree = "<group>";
		};
		BB69BF4B29072C4300471300 /* first modul model */ = {
			isa = PBXGroup;
			children = (
				BBE7B25B28F2044200643B2B /* Visualplayer.swift */,
				BBE7B25728F203E800643B2B /* Miniplayer.swift */,
				BBE7B24B28F2038900643B2B /* ContentView.swift */,
				BBE7B25D28F2058A00643B2B /* tabBar.swift */,
				BBE7B25928F2041800643B2B /* SecondList.swift */,
			);
			path = "first modul model";
			sourceTree = "<group>";
		};
		BBE7B23D28F2038900643B2B = {
			isa = PBXGroup;
			children = (
				BBE7B24828F2038900643B2B /* iMusic */,
				BBE7B24728F2038900643B2B /* Products */,
			);
			sourceTree = "<group>";
		};
		BBE7B24728F2038900643B2B /* Products */ = {
			isa = PBXGroup;
			children = (
				BBE7B24628F2038900643B2B /* iMusic.app */,
			);
			name = Products;
			sourceTree = "<group>";
		};
		BBE7B24828F2038900643B2B /* iMusic */ = {
			isa = PBXGroup;
			children = (
				BBE7B24928F2038900643B2B /* iMusicApp.swift */,
				BB69BF4B29072C4300471300 /* first modul model */,
				BB69BF4A29072C0A00471300 /* first modul data */,
				BBE7B24D28F2038B00643B2B /* Assets.xcassets */,
				BBE7B24F28F2038B00643B2B /* Preview Content */,
			);
			path = iMusic;
			sourceTree = "<group>";
		};
		BBE7B24F28F2038B00643B2B /* Preview Content */ = {
			isa = PBXGroup;
			children = (
				BBE7B25028F2038B00643B2B /* Preview Assets.xcassets */,
			);
			path = "Preview Content";
			sourceTree = "<group>";
		};
/* End PBXGroup section */

/* Begin PBXNativeTarget section */
		BBE7B24528F2038900643B2B /* iMusic */ = {
			isa = PBXNativeTarget;
			buildConfigurationList = BBE7B25428F2038B00643B2B /* Build configuration list for PBXNativeTarget "iMusic" */;
			buildPhases = (
				BBE7B24228F2038900643B2B /* Sources */,
				BBE7B24328F2038900643B2B /* Frameworks */,
				BBE7B24428F2038900643B2B /* Resources */,
			);
			buildRules = (
			);
			dependencies = (
			);
			name = iMusic;
			productName = iMusic;
			productReference = BBE7B24628F2038900643B2B /* iMusic.app */;
			productType = "com.apple.product-type.application";
		};
/* End PBXNativeTarget section */

/* Begin PBXProject section */
		BBE7B23E28F2038900643B2B /* Project object */ = {
			isa = PBXProject;
			attributes = {
				BuildIndependentTargetsInParallel = 1;
				LastSwiftUpdateCheck = 1340;
				LastUpgradeCheck = 1340;
				TargetAttributes = {
					BBE7B24528F2038900643B2B = {
						CreatedOnToolsVersion = 13.4.1;
					};
				};
			};
			buildConfigurationList = BBE7B24128F2038900643B2B /* Build configuration list for PBXProject "iMusic" */;
			compatibilityVersion = "Xcode 13.0";
			developmentRegion = en;
			hasScannedForEncodings = 0;
			knownRegions = (
				en,
				Base,
			);
			mainGroup = BBE7B23D28F2038900643B2B;
			productRefGroup = BBE7B24728F2038900643B2B /* Products */;
			projectDirPath = "";
			projectRoot = "";
			targets = (
				BBE7B24528F2038900643B2B /* iMusic */,
			);
		};
/* End PBXProject section */

/* Begin PBXResourcesBuildPhase section */
		BBE7B24428F2038900643B2B /* Resources */ = {
			isa = PBXResourcesBuildPhase;
			buildActionMask = 2147483647;
			files = (
				BBE7B25128F2038B00643B2B /* Preview Assets.xcassets in Resources */,
				BBE7B24E28F2038B00643B2B /* Assets.xcassets in Resources */,
			);
			runOnlyForDeploymentPostprocessing = 0;
		};
/* End PBXResourcesBuildPhase section */

/* Begin PBXSourcesBuildPhase section */
		BBE7B24228F2038900643B2B /* Sources */ = {
			isa = PBXSourcesBuildPhase;
			buildActionMask = 2147483647;
			files = (
				BBE7B25A28F2041800643B2B /* SecondList.swift in Sources */,
				BBE7B25828F203E800643B2B /* Miniplayer.swift in Sources */,
				BBE7B24C28F2038900643B2B /* ContentView.swift in Sources */,
				BBE7B25E28F2058A00643B2B /* tabBar.swift in Sources */,
				BBED9F9E28F495BC0098E647 /* FirstList.swift in Sources */,
				BBE7B25C28F2044200643B2B /* Visualplayer.swift in Sources */,
				BB69BF2929032E5600471300 /* SettingList.swift in Sources */,
				BBE7B24A28F2038900643B2B /* iMusicApp.swift in Sources */,
			);
			runOnlyForDeploymentPostprocessing = 0;
		};
/* End PBXSourcesBuildPhase section */

/* Begin XCBuildConfiguration section */
		BBE7B25228F2038B00643B2B /* Debug */ = {
			isa = XCBuildConfiguration;
			buildSettings = {
				ALWAYS_SEARCH_USER_PATHS = NO;
				CLANG_ANALYZER_NONNULL = YES;
				CLANG_ANALYZER_NUMBER_OBJECT_CONVERSION = YES_AGGRESSIVE;
				CLANG_CXX_LANGUAGE_STANDARD = "gnu++17";
				CLANG_ENABLE_MODULES = YES;
				CLANG_ENABLE_OBJC_ARC = YES;
				CLANG_ENABLE_OBJC_WEAK = YES;
				CLANG_WARN_BLOCK_CAPTURE_AUTORELEASING = YES;
				CLANG_WARN_BOOL_CONVERSION = YES;
				CLANG_WARN_COMMA = YES;
				CLANG_WARN_CONSTANT_CONVERSION = YES;
				CLANG_WARN_DEPRECATED_OBJC_IMPLEMENTATIONS = YES;
				CLANG_WARN_DIRECT_OBJC_ISA_USAGE = YES_ERROR;
				CLANG_WARN_DOCUMENTATION_COMMENTS = YES;
				CLANG_WARN_EMPTY_BODY = YES;
				CLANG_WARN_ENUM_CONVERSION = YES;
				CLANG_WARN_INFINITE_RECURSION = YES;
				CLANG_WARN_INT_CONVERSION = YES;
				CLANG_WARN_NON_LITERAL_NULL_CONVERSION = YES;
				CLANG_WARN_OBJC_IMPLICIT_RETAIN_SELF = YES;
				CLANG_WARN_OBJC_LITERAL_CONVERSION = YES;
				CLANG_WARN_OBJC_ROOT_CLASS = YES_ERROR;
				CLANG_WARN_QUOTED_INCLUDE_IN_FRAMEWORK_HEADER = YES;
				CLANG_WARN_RANGE_LOOP_ANALYSIS = YES;
				CLANG_WARN_STRICT_PROTOTYPES = YES;
				CLANG_WARN_SUSPICIOUS_MOVE = YES;
				CLANG_WARN_UNGUARDED_AVAILABILITY = YES_AGGRESSIVE;
				CLANG_WARN_UNREACHABLE_CODE = YES;
				CLANG_WARN__DUPLICATE_METHOD_MATCH = YES;
				COPY_PHASE_STRIP = NO;
				DEBUG_INFORMATION_FORMAT = dwarf;
				ENABLE_STRICT_OBJC_MSGSEND = YES;
				ENABLE_TESTABILITY = YES;
				GCC_C_LANGUAGE_STANDARD = gnu11;
				GCC_DYNAMIC_NO_PIC = NO;
				GCC_NO_COMMON_BLOCKS = YES;
				GCC_OPTIMIZATION_LEVEL = 0;
				GCC_PREPROCESSOR_DEFINITIONS = (
					"DEBUG=1",
					"$(inherited)",
				);
				GCC_WARN_64_TO_32_BIT_CONVERSION = YES;
				GCC_WARN_ABOUT_RETURN_TYPE = YES_ERROR;
				GCC_WARN_UNDECLARED_SELECTOR = YES;
				GCC_WARN_UNINITIALIZED_AUTOS = YES_AGGRESSIVE;
				GCC_WARN_UNUSED_FUNCTION = YES;
				GCC_WARN_UNUSED_VARIABLE = YES;
				IPHONEOS_DEPLOYMENT_TARGET = 15.5;
				MTL_ENABLE_DEBUG_INFO = INCLUDE_SOURCE;
				MTL_FAST_MATH = YES;
				ONLY_ACTIVE_ARCH = YES;
				SDKROOT = iphoneos;
				SWIFT_ACTIVE_COMPILATION_CONDITIONS = DEBUG;
				SWIFT_OPTIMIZATION_LEVEL = "-Onone";
			};
			name = Debug;
		};
		BBE7B25328F2038B00643B2B /* Release */ = {
			isa = XCBuildConfiguration;
			buildSettings = {
				ALWAYS_SEARCH_USER_PATHS = NO;
				CLANG_ANALYZER_NONNULL = YES;
				CLANG_ANALYZER_NUMBER_OBJECT_CONVERSION = YES_AGGRESSIVE;
				CLANG_CXX_LANGUAGE_STANDARD = "gnu++17";
				CLANG_ENABLE_MODULES = YES;
				CLANG_ENABLE_OBJC_ARC = YES;
				CLANG_ENABLE_OBJC_WEAK = YES;
				CLANG_WARN_BLOCK_CAPTURE_AUTORELEASING = YES;
				CLANG_WARN_BOOL_CONVERSION = YES;
				CLANG_WARN_COMMA = YES;
				CLANG_WARN_CONSTANT_CONVERSION = YES;
				CLANG_WARN_DEPRECATED_OBJC_IMPLEMENTATIONS = YES;
				CLANG_WARN_DIRECT_OBJC_ISA_USAGE = YES_ERROR;
				CLANG_WARN_DOCUMENTATION_COMMENTS = YES;
				CLANG_WARN_EMPTY_BODY = YES;
				CLANG_WARN_ENUM_CONVERSION = YES;
				CLANG_WARN_INFINITE_RECURSION = YES;
				CLANG_WARN_INT_CONVERSION = YES;
				CLANG_WARN_NON_LITERAL_NULL_CONVERSION = YES;
				CLANG_WARN_OBJC_IMPLICIT_RETAIN_SELF = YES;
				CLANG_WARN_OBJC_LITERAL_CONVERSION = YES;
				CLANG_WARN_OBJC_ROOT_CLASS = YES_ERROR;
				CLANG_WARN_QUOTED_INCLUDE_IN_FRAMEWORK_HEADER = YES;
				CLANG_WARN_RANGE_LOOP_ANALYSIS = YES;
				CLANG_WARN_STRICT_PROTOTYPES = YES;
				CLANG_WARN_SUSPICIOUS_MOVE = YES;
				CLANG_WARN_UNGUARDED_AVAILABILITY = YES_AGGRESSIVE;
				CLANG_WARN_UNREACHABLE_CODE = YES;
				CLANG_WARN__DUPLICATE_METHOD_MATCH = YES;
				COPY_PHASE_STRIP = NO;
				DEBUG_INFORMATION_FORMAT = "dwarf-with-dsym";
				ENABLE_NS_ASSERTIONS = NO;
				ENABLE_STRICT_OBJC_MSGSEND = YES;
				GCC_C_LANGUAGE_STANDARD = gnu11;
				GCC_NO_COMMON_BLOCKS = YES;
				GCC_WARN_64_TO_32_BIT_CONVERSION = YES;
				GCC_WARN_ABOUT_RETURN_TYPE = YES_ERROR;
				GCC_WARN_UNDECLARED_SELECTOR = YES;
				GCC_WARN_UNINITIALIZED_AUTOS = YES_AGGRESSIVE;
				GCC_WARN_UNUSED_FUNCTION = YES;
				GCC_WARN_UNUSED_VARIABLE = YES;
				IPHONEOS_DEPLOYMENT_TARGET = 15.5;
				MTL_ENABLE_DEBUG_INFO = NO;
				MTL_FAST_MATH = YES;
				SDKROOT = iphoneos;
				SWIFT_COMPILATION_MODE = wholemodule;
				SWIFT_OPTIMIZATION_LEVEL = "-O";
				VALIDATE_PRODUCT = YES;
			};
			name = Release;
		};
		BBE7B25528F2038B00643B2B /* Debug */ = {
			isa = XCBuildConfiguration;
			buildSettings = {
				ASSETCATALOG_COMPILER_APPICON_NAME = AppIcon;
				ASSETCATALOG_COMPILER_GLOBAL_ACCENT_COLOR_NAME = AccentColor;
				CODE_SIGN_STYLE = Automatic;
				CURRENT_PROJECT_VERSION = 1;
				DEVELOPMENT_ASSET_PATHS = "\"iMusic/Preview Content\"";
				DEVELOPMENT_TEAM = PKW23ALJN5;
				ENABLE_PREVIEWS = YES;
				GENERATE_INFOPLIST_FILE = YES;
				INFOPLIST_KEY_UIApplicationSceneManifest_Generation = YES;
				INFOPLIST_KEY_UIApplicationSupportsIndirectInputEvents = YES;
				INFOPLIST_KEY_UILaunchScreen_Generation = YES;
				INFOPLIST_KEY_UISupportedInterfaceOrientations_iPad = "UIInterfaceOrientationPortrait UIInterfaceOrientationPortraitUpsideDown UIInterfaceOrientationLandscapeLeft UIInterfaceOrientationLandscapeRight";
				INFOPLIST_KEY_UISupportedInterfaceOrientations_iPhone = "UIInterfaceOrientationPortrait UIInterfaceOrientationLandscapeLeft UIInterfaceOrientationLandscapeRight";
				LD_RUNPATH_SEARCH_PATHS = (
					"$(inherited)",
					"@executable_path/Frameworks",
				);
				MARKETING_VERSION = 1.0;
				PRODUCT_BUNDLE_IDENTIFIER = sz.iMusic;
				PRODUCT_NAME = "$(TARGET_NAME)";
				SWIFT_EMIT_LOC_STRINGS = YES;
				SWIFT_VERSION = 5.0;
				TARGETED_DEVICE_FAMILY = "1,2";
			};
			name = Debug;
		};
		BBE7B25628F2038B00643B2B /* Release */ = {
			isa = XCBuildConfiguration;
			buildSettings = {
				ASSETCATALOG_COMPILER_APPICON_NAME = AppIcon;
				ASSETCATALOG_COMPILER_GLOBAL_ACCENT_COLOR_NAME = AccentColor;
				CODE_SIGN_STYLE = Automatic;
				CURRENT_PROJECT_VERSION = 1;
				DEVELOPMENT_ASSET_PATHS = "\"iMusic/Preview Content\"";
				DEVELOPMENT_TEAM = PKW23ALJN5;
				ENABLE_PREVIEWS = YES;
				GENERATE_INFOPLIST_FILE = YES;
				INFOPLIST_KEY_UIApplicationSceneManifest_Generation = YES;
				INFOPLIST_KEY_UIApplicationSupportsIndirectInputEvents = YES;
				INFOPLIST_KEY_UILaunchScreen_Generation = YES;
				INFOPLIST_KEY_UISupportedInterfaceOrientations_iPad = "UIInterfaceOrientationPortrait UIInterfaceOrientationPortraitUpsideDown UIInterfaceOrientationLandscapeLeft UIInterfaceOrientationLandscapeRight";
				INFOPLIST_KEY_UISupportedInterfaceOrientations_iPhone = "UIInterfaceOrientationPortrait UIInterfaceOrientationLandscapeLeft UIInterfaceOrientationLandscapeRight";
				LD_RUNPATH_SEARCH_PATHS = (
					"$(inherited)",
					"@executable_path/Frameworks",
				);
				MARKETING_VERSION = 1.0;
				PRODUCT_BUNDLE_IDENTIFIER = sz.iMusic;
				PRODUCT_NAME = "$(TARGET_NAME)";
				SWIFT_EMIT_LOC_STRINGS = YES;
				SWIFT_VERSION = 5.0;
				TARGETED_DEVICE_FAMILY = "1,2";
			};
			name = Release;
		};
/* End XCBuildConfiguration section */

/* Begin XCConfigurationList section */
		BBE7B24128F2038900643B2B /* Build configuration list for PBXProject "iMusic" */ = {
			isa = XCConfigurationList;
			buildConfigurations = (
				BBE7B25228F2038B00643B2B /* Debug */,
				BBE7B25328F2038B00643B2B /* Release */,
			);
			defaultConfigurationIsVisible = 0;
			defaultConfigurationName = Release;
		};
		BBE7B25428F2038B00643B2B /* Build configuration list for PBXNativeTarget "iMusic" */ = {
			isa = XCConfigurationList;
			buildConfigurations = (
				BBE7B25528F2038B00643B2B /* Debug */,
				BBE7B25628F2038B00643B2B /* Release */,
			);
			defaultConfigurationIsVisible = 0;
			defaultConfigurationName = Release;
		};
/* End XCConfigurationList section */
	};
	rootObject = BBE7B23E28F2038900643B2B /* Project object */;
}
